// !$*UTF8*$!
{
	archiveVersion = 1;
	classes = {
	};
	objectVersion = 56;
	objects = {

/* Begin PBXBuildFile section */
		3F16D4BA2C480BC700D2074D /* AppDelegate.swift in Sources */ = {isa = PBXBuildFile; fileRef = 3F16D4B92C480BC700D2074D /* AppDelegate.swift */; };
		3F16D4BC2C480BC700D2074D /* SceneDelegate.swift in Sources */ = {isa = PBXBuildFile; fileRef = 3F16D4BB2C480BC700D2074D /* SceneDelegate.swift */; };
		3F16D4BE2C480BC700D2074D /* ViewController.swift in Sources */ = {isa = PBXBuildFile; fileRef = 3F16D4BD2C480BC700D2074D /* ViewController.swift */; };
		3F16D4C12C480BC700D2074D /* Base in Resources */ = {isa = PBXBuildFile; fileRef = 3F16D4C02C480BC700D2074D /* Base */; };
		3F16D4C32C480BC800D2074D /* Assets.xcassets in Resources */ = {isa = PBXBuildFile; fileRef = 3F16D4C22C480BC800D2074D /* Assets.xcassets */; };
		3F16D4C62C480BC800D2074D /* Base in Resources */ = {isa = PBXBuildFile; fileRef = 3F16D4C52C480BC800D2074D /* Base */; };
		3F16D4D12C480BC800D2074D /* rockPaperScissorsTests.swift in Sources */ = {isa = PBXBuildFile; fileRef = 3F16D4D02C480BC800D2074D /* rockPaperScissorsTests.swift */; };
		3F16D4DB2C480BC800D2074D /* rockPaperScissorsUITests.swift in Sources */ = {isa = PBXBuildFile; fileRef = 3F16D4DA2C480BC800D2074D /* rockPaperScissorsUITests.swift */; };
		3F16D4DD2C480BC800D2074D /* rockPaperScissorsUITestsLaunchTests.swift in Sources */ = {isa = PBXBuildFile; fileRef = 3F16D4DC2C480BC800D2074D /* rockPaperScissorsUITestsLaunchTests.swift */; };
/* End PBXBuildFile section */

/* Begin PBXContainerItemProxy section */
		3F16D4CD2C480BC800D2074D /* PBXContainerItemProxy */ = {
			isa = PBXContainerItemProxy;
			containerPortal = 3F16D4AE2C480BC700D2074D /* Project object */;
			proxyType = 1;
			remoteGlobalIDString = 3F16D4B52C480BC700D2074D;
			remoteInfo = rockPaperScissors;
		};
		3F16D4D72C480BC800D2074D /* PBXContainerItemProxy */ = {
			isa = PBXContainerItemProxy;
			containerPortal = 3F16D4AE2C480BC700D2074D /* Project object */;
			proxyType = 1;
			remoteGlobalIDString = 3F16D4B52C480BC700D2074D;
			remoteInfo = rockPaperScissors;
		};
/* End PBXContainerItemProxy section */

/* Begin PBXFileReference section */
		3F16D4B62C480BC700D2074D /* rockPaperScissors.app */ = {isa = PBXFileReference; explicitFileType = wrapper.application; includeInIndex = 0; path = rockPaperScissors.app; sourceTree = BUILT_PRODUCTS_DIR; };
		3F16D4B92C480BC700D2074D /* AppDelegate.swift */ = {isa = PBXFileReference; lastKnownFileType = sourcecode.swift; path = AppDelegate.swift; sourceTree = "<group>"; };
		3F16D4BB2C480BC700D2074D /* SceneDelegate.swift */ = {isa = PBXFileReference; lastKnownFileType = sourcecode.swift; path = SceneDelegate.swift; sourceTree = "<group>"; };
		3F16D4BD2C480BC700D2074D /* ViewController.swift */ = {isa = PBXFileReference; lastKnownFileType = sourcecode.swift; path = ViewController.swift; sourceTree = "<group>"; };
		3F16D4C02C480BC700D2074D /* Base */ = {isa = PBXFileReference; lastKnownFileType = file.storyboard; name = Base; path = Base.lproj/Main.storyboard; sourceTree = "<group>"; };
		3F16D4C22C480BC800D2074D /* Assets.xcassets */ = {isa = PBXFileReference; lastKnownFileType = folder.assetcatalog; path = Assets.xcassets; sourceTree = "<group>"; };
		3F16D4C52C480BC800D2074D /* Base */ = {isa = PBXFileReference; lastKnownFileType = file.storyboard; name = Base; path = Base.lproj/LaunchScreen.storyboard; sourceTree = "<group>"; };
		3F16D4C72C480BC800D2074D /* Info.plist */ = {isa = PBXFileReference; lastKnownFileType = text.plist.xml; path = Info.plist; sourceTree = "<group>"; };
		3F16D4CC2C480BC800D2074D /* rockPaperScissorsTests.xctest */ = {isa = PBXFileReference; explicitFileType = wrapper.cfbundle; includeInIndex = 0; path = rockPaperScissorsTests.xctest; sourceTree = BUILT_PRODUCTS_DIR; };
		3F16D4D02C480BC800D2074D /* rockPaperScissorsTests.swift */ = {isa = PBXFileReference; lastKnownFileType = sourcecode.swift; path = rockPaperScissorsTests.swift; sourceTree = "<group>"; };
		3F16D4D62C480BC800D2074D /* rockPaperScissorsUITests.xctest */ = {isa = PBXFileReference; explicitFileType = wrapper.cfbundle; includeInIndex = 0; path = rockPaperScissorsUITests.xctest; sourceTree = BUILT_PRODUCTS_DIR; };
		3F16D4DA2C480BC800D2074D /* rockPaperScissorsUITests.swift */ = {isa = PBXFileReference; lastKnownFileType = sourcecode.swift; path = rockPaperScissorsUITests.swift; sourceTree = "<group>"; };
		3F16D4DC2C480BC800D2074D /* rockPaperScissorsUITestsLaunchTests.swift */ = {isa = PBXFileReference; lastKnownFileType = sourcecode.swift; path = rockPaperScissorsUITestsLaunchTests.swift; sourceTree = "<group>"; };
/* End PBXFileReference section */

/* Begin PBXFrameworksBuildPhase section */
		3F16D4B32C480BC700D2074D /* Frameworks */ = {
			isa = PBXFrameworksBuildPhase;
			buildActionMask = 2147483647;
			files = (
			);
			runOnlyForDeploymentPostprocessing = 0;
		};
		3F16D4C92C480BC800D2074D /* Frameworks */ = {
			isa = PBXFrameworksBuildPhase;
			buildActionMask = 2147483647;
			files = (
			);
			runOnlyForDeploymentPostprocessing = 0;
		};
		3F16D4D32C480BC800D2074D /* Frameworks */ = {
			isa = PBXFrameworksBuildPhase;
			buildActionMask = 2147483647;
			files = (
			);
			runOnlyForDeploymentPostprocessing = 0;
		};
/* End PBXFrameworksBuildPhase section */

/* Begin PBXGroup section */
		3F16D4AD2C480BC700D2074D = {
			isa = PBXGroup;
			children = (
				3F16D4B82C480BC700D2074D /* rockPaperScissors */,
				3F16D4CF2C480BC800D2074D /* rockPaperScissorsTests */,
				3F16D4D92C480BC800D2074D /* rockPaperScissorsUITests */,
				3F16D4B72C480BC700D2074D /* Products */,
			);
			sourceTree = "<group>";
		};
		3F16D4B72C480BC700D2074D /* Products */ = {
			isa = PBXGroup;
			children = (
				3F16D4B62C480BC700D2074D /* rockPaperScissors.app */,
				3F16D4CC2C480BC800D2074D /* rockPaperScissorsTests.xctest */,
				3F16D4D62C480BC800D2074D /* rockPaperScissorsUITests.xctest */,
			);
			name = Products;
			sourceTree = "<group>";
		};
		3F16D4B82C480BC700D2074D /* rockPaperScissors */ = {
			isa = PBXGroup;
			children = (
				3F16D4B92C480BC700D2074D /* AppDelegate.swift */,
				3F16D4BB2C480BC700D2074D /* SceneDelegate.swift */,
				3F16D4BD2C480BC700D2074D /* ViewController.swift */,
				3F16D4BF2C480BC700D2074D /* Main.storyboard */,
				3F16D4C22C480BC800D2074D /* Assets.xcassets */,
				3F16D4C42C480BC800D2074D /* LaunchScreen.storyboard */,
				3F16D4C72C480BC800D2074D /* Info.plist */,
			);
			path = rockPaperScissors;
			sourceTree = "<group>";
		};
		3F16D4CF2C480BC800D2074D /* rockPaperScissorsTests */ = {
			isa = PBXGroup;
			children = (
				3F16D4D02C480BC800D2074D /* rockPaperScissorsTests.swift */,
			);
			path = rockPaperScissorsTests;
			sourceTree = "<group>";
		};
		3F16D4D92C480BC800D2074D /* rockPaperScissorsUITests */ = {
			isa = PBXGroup;
			children = (
				3F16D4DA2C480BC800D2074D /* rockPaperScissorsUITests.swift */,
				3F16D4DC2C480BC800D2074D /* rockPaperScissorsUITestsLaunchTests.swift */,
			);
			path = rockPaperScissorsUITests;
			sourceTree = "<group>";
		};
/* End PBXGroup section */

/* Begin PBXNativeTarget section */
		3F16D4B52C480BC700D2074D /* rockPaperScissors */ = {
			isa = PBXNativeTarget;
			buildConfigurationList = 3F16D4E02C480BC800D2074D /* Build configuration list for PBXNativeTarget "rockPaperScissors" */;
			buildPhases = (
				3F16D4B22C480BC700D2074D /* Sources */,
				3F16D4B32C480BC700D2074D /* Frameworks */,
				3F16D4B42C480BC700D2074D /* Resources */,
			);
			buildRules = (
			);
			dependencies = (
			);
			name = rockPaperScissors;
			productName = rockPaperScissors;
			productReference = 3F16D4B62C480BC700D2074D /* rockPaperScissors.app */;
			productType = "com.apple.product-type.application";
		};
		3F16D4CB2C480BC800D2074D /* rockPaperScissorsTests */ = {
			isa = PBXNativeTarget;
			buildConfigurationList = 3F16D4E32C480BC800D2074D /* Build configuration list for PBXNativeTarget "rockPaperScissorsTests" */;
			buildPhases = (
				3F16D4C82C480BC800D2074D /* Sources */,
				3F16D4C92C480BC800D2074D /* Frameworks */,
				3F16D4CA2C480BC800D2074D /* Resources */,
			);
			buildRules = (
			);
			dependencies = (
				3F16D4CE2C480BC800D2074D /* PBXTargetDependency */,
			);
			name = rockPaperScissorsTests;
			productName = rockPaperScissorsTests;
			productReference = 3F16D4CC2C480BC800D2074D /* rockPaperScissorsTests.xctest */;
			productType = "com.apple.product-type.bundle.unit-test";
		};
		3F16D4D52C480BC800D2074D /* rockPaperScissorsUITests */ = {
			isa = PBXNativeTarget;
			buildConfigurationList = 3F16D4E62C480BC800D2074D /* Build configuration list for PBXNativeTarget "rockPaperScissorsUITests" */;
			buildPhases = (
				3F16D4D22C480BC800D2074D /* Sources */,
				3F16D4D32C480BC800D2074D /* Frameworks */,
				3F16D4D42C480BC800D2074D /* Resources */,
			);
			buildRules = (
			);
			dependencies = (
				3F16D4D82C480BC800D2074D /* PBXTargetDependency */,
			);
			name = rockPaperScissorsUITests;
			productName = rockPaperScissorsUITests;
			productReference = 3F16D4D62C480BC800D2074D /* rockPaperScissorsUITests.xctest */;
			productType = "com.apple.product-type.bundle.ui-testing";
		};
/* End PBXNativeTarget section */

/* Begin PBXProject section */
		3F16D4AE2C480BC700D2074D /* Project object */ = {
			isa = PBXProject;
			attributes = {
				BuildIndependentTargetsInParallel = 1;
				LastSwiftUpdateCheck = 1540;
				LastUpgradeCheck = 1540;
				TargetAttributes = {
					3F16D4B52C480BC700D2074D = {
						CreatedOnToolsVersion = 15.4;
					};
					3F16D4CB2C480BC800D2074D = {
						CreatedOnToolsVersion = 15.4;
						TestTargetID = 3F16D4B52C480BC700D2074D;
					};
					3F16D4D52C480BC800D2074D = {
						CreatedOnToolsVersion = 15.4;
						TestTargetID = 3F16D4B52C480BC700D2074D;
					};
				};
			};
			buildConfigurationList = 3F16D4B12C480BC700D2074D /* Build configuration list for PBXProject "rockPaperScissors" */;
			compatibilityVersion = "Xcode 14.0";
			developmentRegion = en;
			hasScannedForEncodings = 0;
			knownRegions = (
				en,
				Base,
			);
			mainGroup = 3F16D4AD2C480BC700D2074D;
			productRefGroup = 3F16D4B72C480BC700D2074D /* Products */;
			projectDirPath = "";
			projectRoot = "";
			targets = (
				3F16D4B52C480BC700D2074D /* rockPaperScissors */,
				3F16D4CB2C480BC800D2074D /* rockPaperScissorsTests */,
				3F16D4D52C480BC800D2074D /* rockPaperScissorsUITests */,
			);
		};
/* End PBXProject section */

/* Begin PBXResourcesBuildPhase section */
		3F16D4B42C480BC700D2074D /* Resources */ = {
			isa = PBXResourcesBuildPhase;
			buildActionMask = 2147483647;
			files = (
				3F16D4C32C480BC800D2074D /* Assets.xcassets in Resources */,
				3F16D4C62C480BC800D2074D /* Base in Resources */,
				3F16D4C12C480BC700D2074D /* Base in Resources */,
			);
			runOnlyForDeploymentPostprocessing = 0;
		};
		3F16D4CA2C480BC800D2074D /* Resources */ = {
			isa = PBXResourcesBuildPhase;
			buildActionMask = 2147483647;
			files = (
			);
			runOnlyForDeploymentPostprocessing = 0;
		};
		3F16D4D42C480BC800D2074D /* Resources */ = {
			isa = PBXResourcesBuildPhase;
			buildActionMask = 2147483647;
			files = (
			);
			runOnlyForDeploymentPostprocessing = 0;
		};
/* End PBXResourcesBuildPhase section */

/* Begin PBXSourcesBuildPhase section */
		3F16D4B22C480BC700D2074D /* Sources */ = {
			isa = PBXSourcesBuildPhase;
			buildActionMask = 2147483647;
			files = (
				3F16D4BE2C480BC700D2074D /* ViewController.swift in Sources */,
				3F16D4BA2C480BC700D2074D /* AppDelegate.swift in Sources */,
				3F16D4BC2C480BC700D2074D /* SceneDelegate.swift in Sources */,
			);
			runOnlyForDeploymentPostprocessing = 0;
		};
		3F16D4C82C480BC800D2074D /* Sources */ = {
			isa = PBXSourcesBuildPhase;
			buildActionMask = 2147483647;
			files = (
				3F16D4D12C480BC800D2074D /* rockPaperScissorsTests.swift in Sources */,
			);
			runOnlyForDeploymentPostprocessing = 0;
		};
		3F16D4D22C480BC800D2074D /* Sources */ = {
			isa = PBXSourcesBuildPhase;
			buildActionMask = 2147483647;
			files = (
				3F16D4DB2C480BC800D2074D /* rockPaperScissorsUITests.swift in Sources */,
				3F16D4DD2C480BC800D2074D /* rockPaperScissorsUITestsLaunchTests.swift in Sources */,
			);
			runOnlyForDeploymentPostprocessing = 0;
		};
/* End PBXSourcesBuildPhase section */

/* Begin PBXTargetDependency section */
		3F16D4CE2C480BC800D2074D /* PBXTargetDependency */ = {
			isa = PBXTargetDependency;
			target = 3F16D4B52C480BC700D2074D /* rockPaperScissors */;
			targetProxy = 3F16D4CD2C480BC800D2074D /* PBXContainerItemProxy */;
		};
		3F16D4D82C480BC800D2074D /* PBXTargetDependency */ = {
			isa = PBXTargetDependency;
			target = 3F16D4B52C480BC700D2074D /* rockPaperScissors */;
			targetProxy = 3F16D4D72C480BC800D2074D /* PBXContainerItemProxy */;
		};
/* End PBXTargetDependency section */

/* Begin PBXVariantGroup section */
		3F16D4BF2C480BC700D2074D /* Main.storyboard */ = {
			isa = PBXVariantGroup;
			children = (
				3F16D4C02C480BC700D2074D /* Base */,
			);
			name = Main.storyboard;
			sourceTree = "<group>";
		};
		3F16D4C42C480BC800D2074D /* LaunchScreen.storyboard */ = {
			isa = PBXVariantGroup;
			children = (
				3F16D4C52C480BC800D2074D /* Base */,
			);
			name = LaunchScreen.storyboard;
			sourceTree = "<group>";
		};
/* End PBXVariantGroup section */

/* Begin XCBuildConfiguration section */
		3F16D4DE2C480BC800D2074D /* Debug */ = {
			isa = XCBuildConfiguration;
			buildSettings = {
				ALWAYS_SEARCH_USER_PATHS = NO;
				ASSETCATALOG_COMPILER_GENERATE_SWIFT_ASSET_SYMBOL_EXTENSIONS = YES;
				CLANG_ANALYZER_NONNULL = YES;
				CLANG_ANALYZER_NUMBER_OBJECT_CONVERSION = YES_AGGRESSIVE;
				CLANG_CXX_LANGUAGE_STANDARD = "gnu++20";
				CLANG_ENABLE_MODULES = YES;
				CLANG_ENABLE_OBJC_ARC = YES;
				CLANG_ENABLE_OBJC_WEAK = YES;
				CLANG_WARN_BLOCK_CAPTURE_AUTORELEASING = YES;
				CLANG_WARN_BOOL_CONVERSION = YES;
				CLANG_WARN_COMMA = YES;
				CLANG_WARN_CONSTANT_CONVERSION = YES;
				CLANG_WARN_DEPRECATED_OBJC_IMPLEMENTATIONS = YES;
				CLANG_WARN_DIRECT_OBJC_ISA_USAGE = YES_ERROR;
				CLANG_WARN_DOCUMENTATION_COMMENTS = YES;
				CLANG_WARN_EMPTY_BODY = YES;
				CLANG_WARN_ENUM_CONVERSION = YES;
				CLANG_WARN_INFINITE_RECURSION = YES;
				CLANG_WARN_INT_CONVERSION = YES;
				CLANG_WARN_NON_LITERAL_NULL_CONVERSION = YES;
				CLANG_WARN_OBJC_IMPLICIT_RETAIN_SELF = YES;
				CLANG_WARN_OBJC_LITERAL_CONVERSION = YES;
				CLANG_WARN_OBJC_ROOT_CLASS = YES_ERROR;
				CLANG_WARN_QUOTED_INCLUDE_IN_FRAMEWORK_HEADER = YES;
				CLANG_WARN_RANGE_LOOP_ANALYSIS = YES;
				CLANG_WARN_STRICT_PROTOTYPES = YES;
				CLANG_WARN_SUSPICIOUS_MOVE = YES;
				CLANG_WARN_UNGUARDED_AVAILABILITY = YES_AGGRESSIVE;
				CLANG_WARN_UNREACHABLE_CODE = YES;
				CLANG_WARN__DUPLICATE_METHOD_MATCH = YES;
				COPY_PHASE_STRIP = NO;
				DEBUG_INFORMATION_FORMAT = dwarf;
				ENABLE_STRICT_OBJC_MSGSEND = YES;
				ENABLE_TESTABILITY = YES;
				ENABLE_USER_SCRIPT_SANDBOXING = YES;
				GCC_C_LANGUAGE_STANDARD = gnu17;
				GCC_DYNAMIC_NO_PIC = NO;
				GCC_NO_COMMON_BLOCKS = YES;
				GCC_OPTIMIZATION_LEVEL = 0;
				GCC_PREPROCESSOR_DEFINITIONS = (
					"DEBUG=1",
					"$(inherited)",
				);
				GCC_WARN_64_TO_32_BIT_CONVERSION = YES;
				GCC_WARN_ABOUT_RETURN_TYPE = YES_ERROR;
				GCC_WARN_UNDECLARED_SELECTOR = YES;
				GCC_WARN_UNINITIALIZED_AUTOS = YES_AGGRESSIVE;
				GCC_WARN_UNUSED_FUNCTION = YES;
				GCC_WARN_UNUSED_VARIABLE = YES;
				IPHONEOS_DEPLOYMENT_TARGET = 17.5;
				LOCALIZATION_PREFERS_STRING_CATALOGS = YES;
				MTL_ENABLE_DEBUG_INFO = INCLUDE_SOURCE;
				MTL_FAST_MATH = YES;
				ONLY_ACTIVE_ARCH = YES;
				SDKROOT = iphoneos;
				SWIFT_ACTIVE_COMPILATION_CONDITIONS = "DEBUG $(inherited)";
				SWIFT_OPTIMIZATION_LEVEL = "-Onone";
			};
			name = Debug;
		};
		3F16D4DF2C480BC800D2074D /* Release */ = {
			isa = XCBuildConfiguration;
			buildSettings = {
				ALWAYS_SEARCH_USER_PATHS = NO;
				ASSETCATALOG_COMPILER_GENERATE_SWIFT_ASSET_SYMBOL_EXTENSIONS = YES;
				CLANG_ANALYZER_NONNULL = YES;
				CLANG_ANALYZER_NUMBER_OBJECT_CONVERSION = YES_AGGRESSIVE;
				CLANG_CXX_LANGUAGE_STANDARD = "gnu++20";
				CLANG_ENABLE_MODULES = YES;
				CLANG_ENABLE_OBJC_ARC = YES;
				CLANG_ENABLE_OBJC_WEAK = YES;
				CLANG_WARN_BLOCK_CAPTURE_AUTORELEASING = YES;
				CLANG_WARN_BOOL_CONVERSION = YES;
				CLANG_WARN_COMMA = YES;
				CLANG_WARN_CONSTANT_CONVERSION = YES;
				CLANG_WARN_DEPRECATED_OBJC_IMPLEMENTATIONS = YES;
				CLANG_WARN_DIRECT_OBJC_ISA_USAGE = YES_ERROR;
				CLANG_WARN_DOCUMENTATION_COMMENTS = YES;
				CLANG_WARN_EMPTY_BODY = YES;
				CLANG_WARN_ENUM_CONVERSION = YES;
				CLANG_WARN_INFINITE_RECURSION = YES;
				CLANG_WARN_INT_CONVERSION = YES;
				CLANG_WARN_NON_LITERAL_NULL_CONVERSION = YES;
				CLANG_WARN_OBJC_IMPLICIT_RETAIN_SELF = YES;
				CLANG_WARN_OBJC_LITERAL_CONVERSION = YES;
				CLANG_WARN_OBJC_ROOT_CLASS = YES_ERROR;
				CLANG_WARN_QUOTED_INCLUDE_IN_FRAMEWORK_HEADER = YES;
				CLANG_WARN_RANGE_LOOP_ANALYSIS = YES;
				CLANG_WARN_STRICT_PROTOTYPES = YES;
				CLANG_WARN_SUSPICIOUS_MOVE = YES;
				CLANG_WARN_UNGUARDED_AVAILABILITY = YES_AGGRESSIVE;
				CLANG_WARN_UNREACHABLE_CODE = YES;
				CLANG_WARN__DUPLICATE_METHOD_MATCH = YES;
				COPY_PHASE_STRIP = NO;
				DEBUG_INFORMATION_FORMAT = "dwarf-with-dsym";
				ENABLE_NS_ASSERTIONS = NO;
				ENABLE_STRICT_OBJC_MSGSEND = YES;
				ENABLE_USER_SCRIPT_SANDBOXING = YES;
				GCC_C_LANGUAGE_STANDARD = gnu17;
				GCC_NO_COMMON_BLOCKS = YES;
				GCC_WARN_64_TO_32_BIT_CONVERSION = YES;
				GCC_WARN_ABOUT_RETURN_TYPE = YES_ERROR;
				GCC_WARN_UNDECLARED_SELECTOR = YES;
				GCC_WARN_UNINITIALIZED_AUTOS = YES_AGGRESSIVE;
				GCC_WARN_UNUSED_FUNCTION = YES;
				GCC_WARN_UNUSED_VARIABLE = YES;
				IPHONEOS_DEPLOYMENT_TARGET = 17.5;
				LOCALIZATION_PREFERS_STRING_CATALOGS = YES;
				MTL_ENABLE_DEBUG_INFO = NO;
				MTL_FAST_MATH = YES;
				SDKROOT = iphoneos;
				SWIFT_COMPILATION_MODE = wholemodule;
				VALIDATE_PRODUCT = YES;
			};
			name = Release;
		};
		3F16D4E12C480BC800D2074D /* Debug */ = {
			isa = XCBuildConfiguration;
			buildSettings = {
				ASSETCATALOG_COMPILER_APPICON_NAME = AppIcon;
				ASSETCATALOG_COMPILER_GLOBAL_ACCENT_COLOR_NAME = AccentColor;
				CODE_SIGN_STYLE = Automatic;
				CURRENT_PROJECT_VERSION = 1;
				GENERATE_INFOPLIST_FILE = YES;
				INFOPLIST_FILE = rockPaperScissors/Info.plist;
				INFOPLIST_KEY_UIApplicationSupportsIndirectInputEvents = YES;
				INFOPLIST_KEY_UILaunchStoryboardName = LaunchScreen;
				INFOPLIST_KEY_UIMainStoryboardFile = Main;
				INFOPLIST_KEY_UISupportedInterfaceOrientations_iPad = "UIInterfaceOrientationPortrait UIInterfaceOrientationPortraitUpsideDown UIInterfaceOrientationLandscapeLeft UIInterfaceOrientationLandscapeRight";
				INFOPLIST_KEY_UISupportedInterfaceOrientations_iPhone = "UIInterfaceOrientationPortrait UIInterfaceOrientationLandscapeLeft UIInterfaceOrientationLandscapeRight";
				LD_RUNPATH_SEARCH_PATHS = (
					"$(inherited)",
					"@executable_path/Frameworks",
				);
				MARKETING_VERSION = 1.0;
				PRODUCT_BUNDLE_IDENTIFIER = oso.rockPaperScissors;
				PRODUCT_NAME = "$(TARGET_NAME)";
				SWIFT_EMIT_LOC_STRINGS = YES;
				SWIFT_VERSION = 5.0;
				TARGETED_DEVICE_FAMILY = "1,2";
			};
			name = Debug;
		};
		3F16D4E22C480BC800D2074D /* Release */ = {
			isa = XCBuildConfiguration;
			buildSettings = {
				ASSETCATALOG_COMPILER_APPICON_NAME = AppIcon;
				ASSETCATALOG_COMPILER_GLOBAL_ACCENT_COLOR_NAME = AccentColor;
				CODE_SIGN_STYLE = Automatic;
				CURRENT_PROJECT_VERSION = 1;
				GENERATE_INFOPLIST_FILE = YES;
				INFOPLIST_FILE = rockPaperScissors/Info.plist;
				INFOPLIST_KEY_UIApplicationSupportsIndirectInputEvents = YES;
				INFOPLIST_KEY_UILaunchStoryboardName = LaunchScreen;
				INFOPLIST_KEY_UIMainStoryboardFile = Main;
				INFOPLIST_KEY_UISupportedInterfaceOrientations_iPad = "UIInterfaceOrientationPortrait UIInterfaceOrientationPortraitUpsideDown UIInterfaceOrientationLandscapeLeft UIInterfaceOrientationLandscapeRight";
				INFOPLIST_KEY_UISupportedInterfaceOrientations_iPhone = "UIInterfaceOrientationPortrait UIInterfaceOrientationLandscapeLeft UIInterfaceOrientationLandscapeRight";
				LD_RUNPATH_SEARCH_PATHS = (
					"$(inherited)",
					"@executable_path/Frameworks",
				);
				MARKETING_VERSION = 1.0;
				PRODUCT_BUNDLE_IDENTIFIER = oso.rockPaperScissors;
				PRODUCT_NAME = "$(TARGET_NAME)";
				SWIFT_EMIT_LOC_STRINGS = YES;
				SWIFT_VERSION = 5.0;
				TARGETED_DEVICE_FAMILY = "1,2";
			};
			name = Release;
		};
		3F16D4E42C480BC800D2074D /* Debug */ = {
			isa = XCBuildConfiguration;
			buildSettings = {
				ALWAYS_EMBED_SWIFT_STANDARD_LIBRARIES = YES;
				BUNDLE_LOADER = "$(TEST_HOST)";
				CODE_SIGN_STYLE = Automatic;
				CURRENT_PROJECT_VERSION = 1;
				GENERATE_INFOPLIST_FILE = YES;
				IPHONEOS_DEPLOYMENT_TARGET = 17.5;
				MARKETING_VERSION = 1.0;
				PRODUCT_BUNDLE_IDENTIFIER = oso.rockPaperScissorsTests;
				PRODUCT_NAME = "$(TARGET_NAME)";
				SWIFT_EMIT_LOC_STRINGS = NO;
				SWIFT_VERSION = 5.0;
				TARGETED_DEVICE_FAMILY = "1,2";
				TEST_HOST = "$(BUILT_PRODUCTS_DIR)/rockPaperScissors.app/$(BUNDLE_EXECUTABLE_FOLDER_PATH)/rockPaperScissors";
			};
			name = Debug;
		};
		3F16D4E52C480BC800D2074D /* Release */ = {
			isa = XCBuildConfiguration;
			buildSettings = {
				ALWAYS_EMBED_SWIFT_STANDARD_LIBRARIES = YES;
				BUNDLE_LOADER = "$(TEST_HOST)";
				CODE_SIGN_STYLE = Automatic;
				CURRENT_PROJECT_VERSION = 1;
				GENERATE_INFOPLIST_FILE = YES;
				IPHONEOS_DEPLOYMENT_TARGET = 17.5;
				MARKETING_VERSION = 1.0;
				PRODUCT_BUNDLE_IDENTIFIER = oso.rockPaperScissorsTests;
				PRODUCT_NAME = "$(TARGET_NAME)";
				SWIFT_EMIT_LOC_STRINGS = NO;
				SWIFT_VERSION = 5.0;
				TARGETED_DEVICE_FAMILY = "1,2";
				TEST_HOST = "$(BUILT_PRODUCTS_DIR)/rockPaperScissors.app/$(BUNDLE_EXECUTABLE_FOLDER_PATH)/rockPaperScissors";
			};
			name = Release;
		};
		3F16D4E72C480BC800D2074D /* Debug */ = {
			isa = XCBuildConfiguration;
			buildSettings = {
				ALWAYS_EMBED_SWIFT_STANDARD_LIBRARIES = YES;
				CODE_SIGN_STYLE = Automatic;
				CURRENT_PROJECT_VERSION = 1;
				GENERATE_INFOPLIST_FILE = YES;
				MARKETING_VERSION = 1.0;
				PRODUCT_BUNDLE_IDENTIFIER = oso.rockPaperScissorsUITests;
				PRODUCT_NAME = "$(TARGET_NAME)";
				SWIFT_EMIT_LOC_STRINGS = NO;
				SWIFT_VERSION = 5.0;
				TARGETED_DEVICE_FAMILY = "1,2";
				TEST_TARGET_NAME = rockPaperScissors;
			};
			name = Debug;
		};
		3F16D4E82C480BC800D2074D /* Release */ = {
			isa = XCBuildConfiguration;
			buildSettings = {
				ALWAYS_EMBED_SWIFT_STANDARD_LIBRARIES = YES;
				CODE_SIGN_STYLE = Automatic;
				CURRENT_PROJECT_VERSION = 1;
				GENERATE_INFOPLIST_FILE = YES;
				MARKETING_VERSION = 1.0;
				PRODUCT_BUNDLE_IDENTIFIER = oso.rockPaperScissorsUITests;
				PRODUCT_NAME = "$(TARGET_NAME)";
				SWIFT_EMIT_LOC_STRINGS = NO;
				SWIFT_VERSION = 5.0;
				TARGETED_DEVICE_FAMILY = "1,2";
				TEST_TARGET_NAME = rockPaperScissors;
			};
			name = Release;
		};
/* End XCBuildConfiguration section */

/* Begin XCConfigurationList section */
		3F16D4B12C480BC700D2074D /* Build configuration list for PBXProject "rockPaperScissors" */ = {
			isa = XCConfigurationList;
			buildConfigurations = (
				3F16D4DE2C480BC800D2074D /* Debug */,
				3F16D4DF2C480BC800D2074D /* Release */,
			);
			defaultConfigurationIsVisible = 0;
			defaultConfigurationName = Release;
		};
		3F16D4E02C480BC800D2074D /* Build configuration list for PBXNativeTarget "rockPaperScissors" */ = {
			isa = XCConfigurationList;
			buildConfigurations = (
				3F16D4E12C480BC800D2074D /* Debug */,
				3F16D4E22C480BC800D2074D /* Release */,
			);
			defaultConfigurationIsVisible = 0;
			defaultConfigurationName = Release;
		};
		3F16D4E32C480BC800D2074D /* Build configuration list for PBXNativeTarget "rockPaperScissorsTests" */ = {
			isa = XCConfigurationList;
			buildConfigurations = (
				3F16D4E42C480BC800D2074D /* Debug */,
				3F16D4E52C480BC800D2074D /* Release */,
			);
			defaultConfigurationIsVisible = 0;
			defaultConfigurationName = Release;
		};
		3F16D4E62C480BC800D2074D /* Build configuration list for PBXNativeTarget "rockPaperScissorsUITests" */ = {
			isa = XCConfigurationList;
			buildConfigurations = (
				3F16D4E72C480BC800D2074D /* Debug */,
				3F16D4E82C480BC800D2074D /* Release */,
			);
			defaultConfigurationIsVisible = 0;
			defaultConfigurationName = Release;
		};
/* End XCConfigurationList section */
	};
	rootObject = 3F16D4AE2C480BC700D2074D /* Project object */;
}
